// !$*UTF8*$!
{
	archiveVersion = 1;
	classes = {
	};
	objectVersion = 55;
	objects = {

/* Begin PBXBuildFile section */
		7C2200F826AF3FC1008B1A94 /* ContentView.swift in Sources */ = {isa = PBXBuildFile; fileRef = 7C2200F726AF3FC1008B1A94 /* ContentView.swift */; };
		7CAD6BCA269BBFEF00883E28 /* BCA_APPTests.swift in Sources */ = {isa = PBXBuildFile; fileRef = 7CAD6BC9269BBFEF00883E28 /* BCA_APPTests.swift */; };
		7CAD6BD4269BBFEF00883E28 /* BCA_APPUITests.swift in Sources */ = {isa = PBXBuildFile; fileRef = 7CAD6BD3269BBFEF00883E28 /* BCA_APPUITests.swift */; };
/* End PBXBuildFile section */

/* Begin PBXContainerItemProxy section */
		7CAD6BC6269BBFEF00883E28 /* PBXContainerItemProxy */ = {
			isa = PBXContainerItemProxy;
			containerPortal = 7CAD6BAD269BBFEC00883E28 /* Project object */;
			proxyType = 1;
			remoteGlobalIDString = 7CAD6BB4269BBFEC00883E28;
			remoteInfo = BCA_APP;
		};
		7CAD6BD0269BBFEF00883E28 /* PBXContainerItemProxy */ = {
			isa = PBXContainerItemProxy;
			containerPortal = 7CAD6BAD269BBFEC00883E28 /* Project object */;
			proxyType = 1;
			remoteGlobalIDString = 7CAD6BB4269BBFEC00883E28;
			remoteInfo = BCA_APP;
		};
/* End PBXContainerItemProxy section */

/* Begin PBXFileReference section */
		7C2200F726AF3FC1008B1A94 /* ContentView.swift */ = {isa = PBXFileReference; lastKnownFileType = sourcecode.swift; path = ContentView.swift; sourceTree = SOURCE_ROOT; };
		7C93422D26B3A179000E972A /* BCA_APP */ = {isa = PBXFileReference; lastKnownFileType = folder; name = BCA_APP; path = /Users/alexandrajenkins/Documents/GitHub/BCA/BCA_APP/BCA_APP; sourceTree = "<absolute>"; };
		7CA8CD7326B3954200C6C5BC /* BCA-APP-Info.plist */ = {isa = PBXFileReference; lastKnownFileType = text.plist; path = "BCA-APP-Info.plist"; sourceTree = SOURCE_ROOT; };
		7CAD6BB5269BBFEC00883E28 /* BCA_APP.app */ = {isa = PBXFileReference; explicitFileType = wrapper.application; includeInIndex = 0; path = BCA_APP.app; sourceTree = BUILT_PRODUCTS_DIR; };
		7CAD6BC5269BBFEF00883E28 /* BCA_APPTests.xctest */ = {isa = PBXFileReference; explicitFileType = wrapper.cfbundle; includeInIndex = 0; path = BCA_APPTests.xctest; sourceTree = BUILT_PRODUCTS_DIR; };
		7CAD6BC9269BBFEF00883E28 /* BCA_APPTests.swift */ = {isa = PBXFileReference; lastKnownFileType = sourcecode.swift; path = BCA_APPTests.swift; sourceTree = "<group>"; };
		7CAD6BCF269BBFEF00883E28 /* BCA_APPUITests.xctest */ = {isa = PBXFileReference; explicitFileType = wrapper.cfbundle; includeInIndex = 0; path = BCA_APPUITests.xctest; sourceTree = BUILT_PRODUCTS_DIR; };
		7CAD6BD3269BBFEF00883E28 /* BCA_APPUITests.swift */ = {isa = PBXFileReference; lastKnownFileType = sourcecode.swift; path = BCA_APPUITests.swift; sourceTree = "<group>"; };
/* End PBXFileReference section */

/* Begin PBXFrameworksBuildPhase section */
		7CAD6BB2269BBFEC00883E28 /* Frameworks */ = {
			isa = PBXFrameworksBuildPhase;
			buildActionMask = 2147483647;
			files = (
			);
			runOnlyForDeploymentPostprocessing = 0;
		};
		7CAD6BC2269BBFEF00883E28 /* Frameworks */ = {
			isa = PBXFrameworksBuildPhase;
			buildActionMask = 2147483647;
			files = (
			);
			runOnlyForDeploymentPostprocessing = 0;
		};
		7CAD6BCC269BBFEF00883E28 /* Frameworks */ = {
			isa = PBXFrameworksBuildPhase;
			buildActionMask = 2147483647;
			files = (
			);
			runOnlyForDeploymentPostprocessing = 0;
		};
/* End PBXFrameworksBuildPhase section */

/* Begin PBXGroup section */
		7CAD6BAC269BBFEC00883E28 = {
			isa = PBXGroup;
			children = (
				7C93422D26B3A179000E972A /* BCA_APP */,
				7CA8CD7326B3954200C6C5BC /* BCA-APP-Info.plist */,
				7C2200F726AF3FC1008B1A94 /* ContentView.swift */,
				7CAD6BC8269BBFEF00883E28 /* BCA_APPTests */,
				7CAD6BD2269BBFEF00883E28 /* BCA_APPUITests */,
				7CAD6BB6269BBFEC00883E28 /* Products */,
			);
			sourceTree = "<group>";
		};
		7CAD6BB6269BBFEC00883E28 /* Products */ = {
			isa = PBXGroup;
			children = (
				7CAD6BB5269BBFEC00883E28 /* BCA_APP.app */,
				7CAD6BC5269BBFEF00883E28 /* BCA_APPTests.xctest */,
				7CAD6BCF269BBFEF00883E28 /* BCA_APPUITests.xctest */,
			);
			name = Products;
			sourceTree = "<group>";
		};
		7CAD6BC8269BBFEF00883E28 /* BCA_APPTests */ = {
			isa = PBXGroup;
			children = (
				7CAD6BC9269BBFEF00883E28 /* BCA_APPTests.swift */,
			);
			path = BCA_APPTests;
			sourceTree = "<group>";
		};
		7CAD6BD2269BBFEF00883E28 /* BCA_APPUITests */ = {
			isa = PBXGroup;
			children = (
				7CAD6BD3269BBFEF00883E28 /* BCA_APPUITests.swift */,
			);
			path = BCA_APPUITests;
			sourceTree = "<group>";
		};
/* End PBXGroup section */

/* Begin PBXNativeTarget section */
		7CAD6BB4269BBFEC00883E28 /* BCA_APP */ = {
			isa = PBXNativeTarget;
			buildConfigurationList = 7CAD6BD7269BBFEF00883E28 /* Build configuration list for PBXNativeTarget "BCA_APP" */;
			buildPhases = (
				7CAD6BB1269BBFEC00883E28 /* Sources */,
				7CAD6BB2269BBFEC00883E28 /* Frameworks */,
				7CAD6BB3269BBFEC00883E28 /* Resources */,
			);
			buildRules = (
			);
			dependencies = (
			);
			name = BCA_APP;
			productName = BCA_APP;
			productReference = 7CAD6BB5269BBFEC00883E28 /* BCA_APP.app */;
			productType = "com.apple.product-type.application";
		};
		7CAD6BC4269BBFEF00883E28 /* BCA_APPTests */ = {
			isa = PBXNativeTarget;
			buildConfigurationList = 7CAD6BDA269BBFEF00883E28 /* Build configuration list for PBXNativeTarget "BCA_APPTests" */;
			buildPhases = (
				7CAD6BC1269BBFEF00883E28 /* Sources */,
				7CAD6BC2269BBFEF00883E28 /* Frameworks */,
				7CAD6BC3269BBFEF00883E28 /* Resources */,
			);
			buildRules = (
			);
			dependencies = (
				7CAD6BC7269BBFEF00883E28 /* PBXTargetDependency */,
			);
			name = BCA_APPTests;
			productName = BCA_APPTests;
			productReference = 7CAD6BC5269BBFEF00883E28 /* BCA_APPTests.xctest */;
			productType = "com.apple.product-type.bundle.unit-test";
		};
		7CAD6BCE269BBFEF00883E28 /* BCA_APPUITests */ = {
			isa = PBXNativeTarget;
			buildConfigurationList = 7CAD6BDD269BBFEF00883E28 /* Build configuration list for PBXNativeTarget "BCA_APPUITests" */;
			buildPhases = (
				7CAD6BCB269BBFEF00883E28 /* Sources */,
				7CAD6BCC269BBFEF00883E28 /* Frameworks */,
				7CAD6BCD269BBFEF00883E28 /* Resources */,
			);
			buildRules = (
			);
			dependencies = (
				7CAD6BD1269BBFEF00883E28 /* PBXTargetDependency */,
			);
			name = BCA_APPUITests;
			productName = BCA_APPUITests;
			productReference = 7CAD6BCF269BBFEF00883E28 /* BCA_APPUITests.xctest */;
			productType = "com.apple.product-type.bundle.ui-testing";
		};
/* End PBXNativeTarget section */

/* Begin PBXProject section */
		7CAD6BAD269BBFEC00883E28 /* Project object */ = {
			isa = PBXProject;
			attributes = {
				BuildIndependentTargetsInParallel = 1;
				LastSwiftUpdateCheck = 1300;
				LastUpgradeCheck = 1300;
				TargetAttributes = {
					7CAD6BB4269BBFEC00883E28 = {
						CreatedOnToolsVersion = 13.0;
					};
					7CAD6BC4269BBFEF00883E28 = {
						CreatedOnToolsVersion = 13.0;
						TestTargetID = 7CAD6BB4269BBFEC00883E28;
					};
					7CAD6BCE269BBFEF00883E28 = {
						CreatedOnToolsVersion = 13.0;
						TestTargetID = 7CAD6BB4269BBFEC00883E28;
					};
				};
			};
			buildConfigurationList = 7CAD6BB0269BBFEC00883E28 /* Build configuration list for PBXProject "BCA_APP" */;
			compatibilityVersion = "Xcode 13.0";
			developmentRegion = en;
			hasScannedForEncodings = 0;
			knownRegions = (
				en,
				Base,
			);
			mainGroup = 7CAD6BAC269BBFEC00883E28;
			productRefGroup = 7CAD6BB6269BBFEC00883E28 /* Products */;
			projectDirPath = "";
			projectRoot = "";
			targets = (
				7CAD6BB4269BBFEC00883E28 /* BCA_APP */,
				7CAD6BC4269BBFEF00883E28 /* BCA_APPTests */,
				7CAD6BCE269BBFEF00883E28 /* BCA_APPUITests */,
			);
		};
/* End PBXProject section */

/* Begin PBXResourcesBuildPhase section */
		7CAD6BB3269BBFEC00883E28 /* Resources */ = {
			isa = PBXResourcesBuildPhase;
			buildActionMask = 2147483647;
			files = (
			);
			runOnlyForDeploymentPostprocessing = 0;
		};
		7CAD6BC3269BBFEF00883E28 /* Resources */ = {
			isa = PBXResourcesBuildPhase;
			buildActionMask = 2147483647;
			files = (
			);
			runOnlyForDeploymentPostprocessing = 0;
		};
		7CAD6BCD269BBFEF00883E28 /* Resources */ = {
			isa = PBXResourcesBuildPhase;
			buildActionMask = 2147483647;
			files = (
			);
			runOnlyForDeploymentPostprocessing = 0;
		};
/* End PBXResourcesBuildPhase section */

/* Begin PBXSourcesBuildPhase section */
		7CAD6BB1269BBFEC00883E28 /* Sources */ = {
			isa = PBXSourcesBuildPhase;
			buildActionMask = 2147483647;
			files = (
				7C2200F826AF3FC1008B1A94 /* ContentView.swift in Sources */,
			);
			runOnlyForDeploymentPostprocessing = 0;
		};
		7CAD6BC1269BBFEF00883E28 /* Sources */ = {
			isa = PBXSourcesBuildPhase;
			buildActionMask = 2147483647;
			files = (
				7CAD6BCA269BBFEF00883E28 /* BCA_APPTests.swift in Sources */,
			);
			runOnlyForDeploymentPostprocessing = 0;
		};
		7CAD6BCB269BBFEF00883E28 /* Sources */ = {
			isa = PBXSourcesBuildPhase;
			buildActionMask = 2147483647;
			files = (
				7CAD6BD4269BBFEF00883E28 /* BCA_APPUITests.swift in Sources */,
			);
			runOnlyForDeploymentPostprocessing = 0;
		};
/* End PBXSourcesBuildPhase section */

/* Begin PBXTargetDependency section */
		7CAD6BC7269BBFEF00883E28 /* PBXTargetDependency */ = {
			isa = PBXTargetDependency;
			target = 7CAD6BB4269BBFEC00883E28 /* BCA_APP */;
			targetProxy = 7CAD6BC6269BBFEF00883E28 /* PBXContainerItemProxy */;
		};
		7CAD6BD1269BBFEF00883E28 /* PBXTargetDependency */ = {
			isa = PBXTargetDependency;
			target = 7CAD6BB4269BBFEC00883E28 /* BCA_APP */;
			targetProxy = 7CAD6BD0269BBFEF00883E28 /* PBXContainerItemProxy */;
		};
/* End PBXTargetDependency section */

/* Begin XCBuildConfiguration section */
		7CAD6BD5269BBFEF00883E28 /* Debug */ = {
			isa = XCBuildConfiguration;
			buildSettings = {
				ALWAYS_SEARCH_USER_PATHS = NO;
				CLANG_ANALYZER_NONNULL = YES;
				CLANG_ANALYZER_NUMBER_OBJECT_CONVERSION = YES_AGGRESSIVE;
				CLANG_CXX_LANGUAGE_STANDARD = "gnu++14";
				CLANG_CXX_LIBRARY = "libc++";
				CLANG_ENABLE_MODULES = YES;
				CLANG_ENABLE_OBJC_ARC = YES;
				CLANG_ENABLE_OBJC_WEAK = YES;
				CLANG_WARN_BLOCK_CAPTURE_AUTORELEASING = YES;
				CLANG_WARN_BOOL_CONVERSION = YES;
				CLANG_WARN_COMMA = YES;
				CLANG_WARN_CONSTANT_CONVERSION = YES;
				CLANG_WARN_DEPRECATED_OBJC_IMPLEMENTATIONS = YES;
				CLANG_WARN_DIRECT_OBJC_ISA_USAGE = YES_ERROR;
				CLANG_WARN_DOCUMENTATION_COMMENTS = YES;
				CLANG_WARN_EMPTY_BODY = YES;
				CLANG_WARN_ENUM_CONVERSION = YES;
				CLANG_WARN_INFINITE_RECURSION = YES;
				CLANG_WARN_INT_CONVERSION = YES;
				CLANG_WARN_NON_LITERAL_NULL_CONVERSION = YES;
				CLANG_WARN_OBJC_IMPLICIT_RETAIN_SELF = YES;
				CLANG_WARN_OBJC_LITERAL_CONVERSION = YES;
				CLANG_WARN_OBJC_ROOT_CLASS = YES_ERROR;
				CLANG_WARN_QUOTED_INCLUDE_IN_FRAMEWORK_HEADER = YES;
				CLANG_WARN_RANGE_LOOP_ANALYSIS = YES;
				CLANG_WARN_STRICT_PROTOTYPES = YES;
				CLANG_WARN_SUSPICIOUS_MOVE = YES;
				CLANG_WARN_UNGUARDED_AVAILABILITY = YES_AGGRESSIVE;
				CLANG_WARN_UNREACHABLE_CODE = YES;
				CLANG_WARN__DUPLICATE_METHOD_MATCH = YES;
				COPY_PHASE_STRIP = NO;
				DEBUG_INFORMATION_FORMAT = dwarf;
				ENABLE_STRICT_OBJC_MSGSEND = YES;
				ENABLE_TESTABILITY = YES;
				GCC_C_LANGUAGE_STANDARD = gnu11;
				GCC_DYNAMIC_NO_PIC = NO;
				GCC_NO_COMMON_BLOCKS = YES;
				GCC_OPTIMIZATION_LEVEL = 0;
				GCC_PREPROCESSOR_DEFINITIONS = (
					"DEBUG=1",
					"$(inherited)",
				);
				GCC_WARN_64_TO_32_BIT_CONVERSION = YES;
				GCC_WARN_ABOUT_RETURN_TYPE = YES_ERROR;
				GCC_WARN_UNDECLARED_SELECTOR = YES;
				GCC_WARN_UNINITIALIZED_AUTOS = YES_AGGRESSIVE;
				GCC_WARN_UNUSED_FUNCTION = YES;
				GCC_WARN_UNUSED_VARIABLE = YES;
				IPHONEOS_DEPLOYMENT_TARGET = 15.0;
				MTL_ENABLE_DEBUG_INFO = INCLUDE_SOURCE;
				MTL_FAST_MATH = YES;
				ONLY_ACTIVE_ARCH = YES;
				SDKROOT = iphoneos;
				SWIFT_ACTIVE_COMPILATION_CONDITIONS = DEBUG;
				SWIFT_OPTIMIZATION_LEVEL = "-Onone";
			};
			name = Debug;
		};
		7CAD6BD6269BBFEF00883E28 /* Release */ = {
			isa = XCBuildConfiguration;
			buildSettings = {
				ALWAYS_SEARCH_USER_PATHS = NO;
				CLANG_ANALYZER_NONNULL = YES;
				CLANG_ANALYZER_NUMBER_OBJECT_CONVERSION = YES_AGGRESSIVE;
				CLANG_CXX_LANGUAGE_STANDARD = "gnu++14";
				CLANG_CXX_LIBRARY = "libc++";
				CLANG_ENABLE_MODULES = YES;
				CLANG_ENABLE_OBJC_ARC = YES;
				CLANG_ENABLE_OBJC_WEAK = YES;
				CLANG_WARN_BLOCK_CAPTURE_AUTORELEASING = YES;
				CLANG_WARN_BOOL_CONVERSION = YES;
				CLANG_WARN_COMMA = YES;
				CLANG_WARN_CONSTANT_CONVERSION = YES;
				CLANG_WARN_DEPRECATED_OBJC_IMPLEMENTATIONS = YES;
				CLANG_WARN_DIRECT_OBJC_ISA_USAGE = YES_ERROR;
				CLANG_WARN_DOCUMENTATION_COMMENTS = YES;
				CLANG_WARN_EMPTY_BODY = YES;
				CLANG_WARN_ENUM_CONVERSION = YES;
				CLANG_WARN_INFINITE_RECURSION = YES;
				CLANG_WARN_INT_CONVERSION = YES;
				CLANG_WARN_NON_LITERAL_NULL_CONVERSION = YES;
				CLANG_WARN_OBJC_IMPLICIT_RETAIN_SELF = YES;
				CLANG_WARN_OBJC_LITERAL_CONVERSION = YES;
				CLANG_WARN_OBJC_ROOT_CLASS = YES_ERROR;
				CLANG_WARN_QUOTED_INCLUDE_IN_FRAMEWORK_HEADER = YES;
				CLANG_WARN_RANGE_LOOP_ANALYSIS = YES;
				CLANG_WARN_STRICT_PROTOTYPES = YES;
				CLANG_WARN_SUSPICIOUS_MOVE = YES;
				CLANG_WARN_UNGUARDED_AVAILABILITY = YES_AGGRESSIVE;
				CLANG_WARN_UNREACHABLE_CODE = YES;
				CLANG_WARN__DUPLICATE_METHOD_MATCH = YES;
				COPY_PHASE_STRIP = NO;
				DEBUG_INFORMATION_FORMAT = "dwarf-with-dsym";
				ENABLE_NS_ASSERTIONS = NO;
				ENABLE_STRICT_OBJC_MSGSEND = YES;
				GCC_C_LANGUAGE_STANDARD = gnu11;
				GCC_NO_COMMON_BLOCKS = YES;
				GCC_WARN_64_TO_32_BIT_CONVERSION = YES;
				GCC_WARN_ABOUT_RETURN_TYPE = YES_ERROR;
				GCC_WARN_UNDECLARED_SELECTOR = YES;
				GCC_WARN_UNINITIALIZED_AUTOS = YES_AGGRESSIVE;
				GCC_WARN_UNUSED_FUNCTION = YES;
				GCC_WARN_UNUSED_VARIABLE = YES;
				IPHONEOS_DEPLOYMENT_TARGET = 15.0;
				MTL_ENABLE_DEBUG_INFO = NO;
				MTL_FAST_MATH = YES;
				SDKROOT = iphoneos;
				SWIFT_COMPILATION_MODE = wholemodule;
				SWIFT_OPTIMIZATION_LEVEL = "-O";
				VALIDATE_PRODUCT = YES;
			};
			name = Release;
		};
		7CAD6BD8269BBFEF00883E28 /* Debug */ = {
			isa = XCBuildConfiguration;
			buildSettings = {
				ASSETCATALOG_COMPILER_APPICON_NAME = AppIcon;
				ASSETCATALOG_COMPILER_GLOBAL_ACCENT_COLOR_NAME = AccentColor;
				ASSETCATALOG_COMPILER_INCLUDE_ALL_APPICON_ASSETS = YES;
				CODE_SIGN_STYLE = Automatic;
				CURRENT_PROJECT_VERSION = 1;
				DEVELOPMENT_ASSET_PATHS = "\"BCA_APP/Preview Content\"";
				ENABLE_PREVIEWS = YES;
				GENERATE_INFOPLIST_FILE = YES;
				INFOPLIST_FILE = "BCA-APP-Info.plist";
				INFOPLIST_KEY_CFBundleExecutable = BCA_APP;
				INFOPLIST_KEY_CFBundleName = BCA_APP;
				INFOPLIST_KEY_CFBundleVersion = 1;
				INFOPLIST_KEY_UIApplicationSceneManifest_Generation = YES;
				INFOPLIST_KEY_UIApplicationSupportsIndirectInputEvents = YES;
				INFOPLIST_KEY_UILaunchScreen_Generation = YES;
				INFOPLIST_KEY_UISupportedInterfaceOrientations_iPad = "UIInterfaceOrientationPortrait UIInterfaceOrientationPortraitUpsideDown UIInterfaceOrientationLandscapeLeft UIInterfaceOrientationLandscapeRight";
				INFOPLIST_KEY_UISupportedInterfaceOrientations_iPhone = "UIInterfaceOrientationPortrait UIInterfaceOrientationLandscapeLeft UIInterfaceOrientationLandscapeRight";
				IPHONEOS_DEPLOYMENT_TARGET = 14.0;
				LD_RUNPATH_SEARCH_PATHS = (
					"$(inherited)",
					"@executable_path/Frameworks",
				);
				MARKETING_VERSION = 1.0;
				PRODUCT_BUNDLE_IDENTIFIER = "BCA.BCA-APP";
				PRODUCT_NAME = "$(TARGET_NAME)";
				SWIFT_EMIT_LOC_STRINGS = YES;
				SWIFT_VERSION = 5.0;
				TARGETED_DEVICE_FAMILY = "1,2";
			};
			name = Debug;
		};
		7CAD6BD9269BBFEF00883E28 /* Release */ = {
			isa = XCBuildConfiguration;
			buildSettings = {
				ASSETCATALOG_COMPILER_APPICON_NAME = AppIcon;
				ASSETCATALOG_COMPILER_GLOBAL_ACCENT_COLOR_NAME = AccentColor;
				ASSETCATALOG_COMPILER_INCLUDE_ALL_APPICON_ASSETS = YES;
				CODE_SIGN_STYLE = Automatic;
				CURRENT_PROJECT_VERSION = 1;
				DEVELOPMENT_ASSET_PATHS = "\"BCA_APP/Preview Content\"";
				ENABLE_PREVIEWS = YES;
				GENERATE_INFOPLIST_FILE = YES;
				INFOPLIST_FILE = "BCA-APP-Info.plist";
				INFOPLIST_KEY_CFBundleExecutable = BCA_APP;
				INFOPLIST_KEY_CFBundleName = BCA_APP;
				INFOPLIST_KEY_CFBundleVersion = 1;
				INFOPLIST_KEY_UIApplicationSceneManifest_Generation = YES;
				INFOPLIST_KEY_UIApplicationSupportsIndirectInputEvents = YES;
				INFOPLIST_KEY_UILaunchScreen_Generation = YES;
				INFOPLIST_KEY_UISupportedInterfaceOrientations_iPad = "UIInterfaceOrientationPortrait UIInterfaceOrientationPortraitUpsideDown UIInterfaceOrientationLandscapeLeft UIInterfaceOrientationLandscapeRight";
				INFOPLIST_KEY_UISupportedInterfaceOrientations_iPhone = "UIInterfaceOrientationPortrait UIInterfaceOrientationLandscapeLeft UIInterfaceOrientationLandscapeRight";
				IPHONEOS_DEPLOYMENT_TARGET = 14.0;
				LD_RUNPATH_SEARCH_PATHS = (
					"$(inherited)",
					"@executable_path/Frameworks",
				);
				MARKETING_VERSION = 1.0;
				PRODUCT_BUNDLE_IDENTIFIER = "BCA.BCA-APP";
				PRODUCT_NAME = "$(TARGET_NAME)";
				SWIFT_EMIT_LOC_STRINGS = YES;
				SWIFT_VERSION = 5.0;
				TARGETED_DEVICE_FAMILY = "1,2";
			};
			name = Release;
		};
		7CAD6BDB269BBFEF00883E28 /* Debug */ = {
			isa = XCBuildConfiguration;
			buildSettings = {
				ALWAYS_EMBED_SWIFT_STANDARD_LIBRARIES = YES;
				BUNDLE_LOADER = "$(TEST_HOST)";
				CODE_SIGN_STYLE = Automatic;
				CURRENT_PROJECT_VERSION = 1;
				GENERATE_INFOPLIST_FILE = YES;
				IPHONEOS_DEPLOYMENT_TARGET = 14.0;
				LD_RUNPATH_SEARCH_PATHS = (
					"$(inherited)",
					"@executable_path/Frameworks",
					"@loader_path/Frameworks",
				);
				MARKETING_VERSION = 1.0;
				PRODUCT_BUNDLE_IDENTIFIER = "BCA.BCA-APPTests";
				PRODUCT_NAME = "$(TARGET_NAME)";
				SWIFT_EMIT_LOC_STRINGS = NO;
				SWIFT_VERSION = 5.0;
				TARGETED_DEVICE_FAMILY = "1,2";
				TEST_HOST = "$(BUILT_PRODUCTS_DIR)/BCA_APP.app/BCA_APP";
			};
			name = Debug;
		};
		7CAD6BDC269BBFEF00883E28 /* Release */ = {
			isa = XCBuildConfiguration;
			buildSettings = {
				ALWAYS_EMBED_SWIFT_STANDARD_LIBRARIES = YES;
				BUNDLE_LOADER = "$(TEST_HOST)";
				CODE_SIGN_STYLE = Automatic;
				CURRENT_PROJECT_VERSION = 1;
				GENERATE_INFOPLIST_FILE = YES;
				IPHONEOS_DEPLOYMENT_TARGET = 14.0;
				LD_RUNPATH_SEARCH_PATHS = (
					"$(inherited)",
					"@executable_path/Frameworks",
					"@loader_path/Frameworks",
				);
				MARKETING_VERSION = 1.0;
				PRODUCT_BUNDLE_IDENTIFIER = "BCA.BCA-APPTests";
				PRODUCT_NAME = "$(TARGET_NAME)";
				SWIFT_EMIT_LOC_STRINGS = NO;
				SWIFT_VERSION = 5.0;
				TARGETED_DEVICE_FAMILY = "1,2";
				TEST_HOST = "$(BUILT_PRODUCTS_DIR)/BCA_APP.app/BCA_APP";
			};
			name = Release;
		};
		7CAD6BDE269BBFEF00883E28 /* Debug */ = {
			isa = XCBuildConfiguration;
			buildSettings = {
				ALWAYS_EMBED_SWIFT_STANDARD_LIBRARIES = YES;
				CODE_SIGN_STYLE = Automatic;
				CURRENT_PROJECT_VERSION = 1;
				GENERATE_INFOPLIST_FILE = YES;
				LD_RUNPATH_SEARCH_PATHS = (
					"$(inherited)",
					"@executable_path/Frameworks",
					"@loader_path/Frameworks",
				);
				MARKETING_VERSION = 1.0;
				PRODUCT_BUNDLE_IDENTIFIER = "BCA.BCA-APPUITests";
				PRODUCT_NAME = "$(TARGET_NAME)";
				SWIFT_EMIT_LOC_STRINGS = NO;
				SWIFT_VERSION = 5.0;
				TARGETED_DEVICE_FAMILY = "1,2";
				TEST_TARGET_NAME = BCA_APP;
			};
			name = Debug;
		};
		7CAD6BDF269BBFEF00883E28 /* Release */ = {
			isa = XCBuildConfiguration;
			buildSettings = {
				ALWAYS_EMBED_SWIFT_STANDARD_LIBRARIES = YES;
				CODE_SIGN_STYLE = Automatic;
				CURRENT_PROJECT_VERSION = 1;
				GENERATE_INFOPLIST_FILE = YES;
				LD_RUNPATH_SEARCH_PATHS = (
					"$(inherited)",
					"@executable_path/Frameworks",
					"@loader_path/Frameworks",
				);
				MARKETING_VERSION = 1.0;
				PRODUCT_BUNDLE_IDENTIFIER = "BCA.BCA-APPUITests";
				PRODUCT_NAME = "$(TARGET_NAME)";
				SWIFT_EMIT_LOC_STRINGS = NO;
				SWIFT_VERSION = 5.0;
				TARGETED_DEVICE_FAMILY = "1,2";
				TEST_TARGET_NAME = BCA_APP;
			};
			name = Release;
		};
/* End XCBuildConfiguration section */

/* Begin XCConfigurationList section */
		7CAD6BB0269BBFEC00883E28 /* Build configuration list for PBXProject "BCA_APP" */ = {
			isa = XCConfigurationList;
			buildConfigurations = (
				7CAD6BD5269BBFEF00883E28 /* Debug */,
				7CAD6BD6269BBFEF00883E28 /* Release */,
			);
			defaultConfigurationIsVisible = 0;
			defaultConfigurationName = Release;
		};
		7CAD6BD7269BBFEF00883E28 /* Build configuration list for PBXNativeTarget "BCA_APP" */ = {
			isa = XCConfigurationList;
			buildConfigurations = (
				7CAD6BD8269BBFEF00883E28 /* Debug */,
				7CAD6BD9269BBFEF00883E28 /* Release */,
			);
			defaultConfigurationIsVisible = 0;
			defaultConfigurationName = Release;
		};
		7CAD6BDA269BBFEF00883E28 /* Build configuration list for PBXNativeTarget "BCA_APPTests" */ = {
			isa = XCConfigurationList;
			buildConfigurations = (
				7CAD6BDB269BBFEF00883E28 /* Debug */,
				7CAD6BDC269BBFEF00883E28 /* Release */,
			);
			defaultConfigurationIsVisible = 0;
			defaultConfigurationName = Release;
		};
		7CAD6BDD269BBFEF00883E28 /* Build configuration list for PBXNativeTarget "BCA_APPUITests" */ = {
			isa = XCConfigurationList;
			buildConfigurations = (
				7CAD6BDE269BBFEF00883E28 /* Debug */,
				7CAD6BDF269BBFEF00883E28 /* Release */,
			);
			defaultConfigurationIsVisible = 0;
			defaultConfigurationName = Release;
		};
/* End XCConfigurationList section */
	};
	rootObject = 7CAD6BAD269BBFEC00883E28 /* Project object */;
}
